<?xml version="1.0" encoding="utf-8"?>
<Project ToolsVersion="4.0" xmlns="http://schemas.microsoft.com/developer/msbuild/2003">
  <ItemGroup>
    <Filter Include="源文件">
      <UniqueIdentifier>{4FC737F1-C7A5-4376-A066-2A32D752A2FF}</UniqueIdentifier>
      <Extensions>cpp;c;cc;cxx;def;odl;idl;hpj;bat;asm;asmx</Extensions>
    </Filter>
    <Filter Include="头文件">
      <UniqueIdentifier>{93995380-89BD-4b04-88EB-625FBE52EBFB}</UniqueIdentifier>
      <Extensions>h;hh;hpp;hxx;hm;inl;inc;ipp;xsd</Extensions>
    </Filter>
    <Filter Include="资源文件">
      <UniqueIdentifier>{67DA6AB6-F800-4c08-8B7A-83BB121AAD01}</UniqueIdentifier>
      <Extensions>rc;ico;cur;bmp;dlg;rc2;rct;bin;rgs;gif;jpg;jpeg;jpe;resx;tiff;tif;png;wav;mfcribbon-ms</Extensions>
    </Filter>
  </ItemGroup>
  <ItemGroup>
    <None Include="..\README.md" />
    <None Include="assets\model\cube.bin">
      <Filter>资源文件</Filter>
    </None>
    <None Include="assets\shaders\CubeScene.vert" />
    <None Include="assets\shaders\CubeScene.frag" />
  </ItemGroup>
  <ItemGroup>
    <ClCompile Include="src\main.cpp">
      <Filter>源文件</Filter>
    </ClCompile>
    <ClCompile Include="src\Utility\Utility.cpp">
      <Filter>源文件</Filter>
    </ClCompile>
    <ClCompile Include="src\Application\Application.cpp">
      <Filter>源文件</Filter>
    </ClCompile>
    <ClCompile Include="src\Application\glad.c">
      <Filter>源文件</Filter>
    </ClCompile>
    <ClCompile Include="src\Core\Blob\Blob.cpp">
      <Filter>源文件</Filter>
    </ClCompile>
    <ClCompile Include="src\Core\Log\Log.cpp">
      <Filter>源文件</Filter>
    </ClCompile>
    <ClCompile Include="src\Core\Math\Matrix.cpp">
      <Filter>源文件</Filter>
    </ClCompile>
    <ClCompile Include="src\Core\Math\Vector.cpp">
      <Filter>源文件</Filter>
    </ClCompile>
    <ClCompile Include="src\Core\ThreadPool\ThreadPool.cpp">
      <Filter>源文件</Filter>
    </ClCompile>
    <ClCompile Include="src\RHI\IndexBuffer.cpp">
      <Filter>源文件</Filter>
    </ClCompile>
    <ClCompile Include="src\RHI\Shader.cpp">
      <Filter>源文件</Filter>
    </ClCompile>
    <ClCompile Include="src\RHI\Texture.cpp">
      <Filter>源文件</Filter>
    </ClCompile>
    <ClCompile Include="src\RHI\VertexArray.cpp">
      <Filter>源文件</Filter>
    </ClCompile>
    <ClCompile Include="src\RHI\VertexBuffer.cpp">
      <Filter>源文件</Filter>
    </ClCompile>
    <ClCompile Include="src\GUI\Imgui\ImCurveEdit.cpp">
      <Filter>源文件</Filter>
    </ClCompile>
    <ClCompile Include="src\GUI\Imgui\ImGradient.cpp">
      <Filter>源文件</Filter>
    </ClCompile>
    <ClCompile Include="src\GUI\Imgui\imgui.cpp">
      <Filter>源文件</Filter>
    </ClCompile>
    <ClCompile Include="src\GUI\Imgui\imgui_demo.cpp">
      <Filter>源文件</Filter>
    </ClCompile>
    <ClCompile Include="src\GUI\Imgui\imgui_draw.cpp">
      <Filter>源文件</Filter>
    </ClCompile>
    <ClCompile Include="src\GUI\Imgui\imgui_impl_glfw.cpp">
      <Filter>源文件</Filter>
    </ClCompile>
    <ClCompile Include="src\GUI\Imgui\imgui_impl_opengl3.cpp">
      <Filter>源文件</Filter>
    </ClCompile>
    <ClCompile Include="src\GUI\Imgui\imgui_tables.cpp">
      <Filter>源文件</Filter>
    </ClCompile>
    <ClCompile Include="src\GUI\Imgui\imgui_widgets.cpp">
      <Filter>源文件</Filter>
    </ClCompile>
    <ClCompile Include="src\GUI\Imgui\ImGuizmo.cpp">
      <Filter>源文件</Filter>
    </ClCompile>
    <ClCompile Include="src\GUI\Imgui\ImSequencer.cpp">
      <Filter>源文件</Filter>
    </ClCompile>
    <ClCompile Include="src\GUI\GUIRender.cpp">
      <Filter>源文件</Filter>
    </ClCompile>
    <ClCompile Include="src\Scene\Interface\SceneInterface.cpp">
      <Filter>源文件</Filter>
    </ClCompile>
    <ClCompile Include="src\Core\Timer\FrameTimer.cpp">
      <Filter>源文件</Filter>
    </ClCompile>
    <ClCompile Include="src\Scene\SceneManger.cpp">
      <Filter>源文件</Filter>
    </ClCompile>
    <ClCompile Include="src\RHI\VertexBufferLayout.cpp">
      <Filter>源文件</Filter>
    </ClCompile>
    <ClCompile Include="src\Core\Asset\AssetLoader.cpp">
      <Filter>源文件</Filter>
    </ClCompile>
    <ClCompile Include="src\Scene\Common\Vertex.cpp">
      <Filter>源文件</Filter>
    </ClCompile>
    <ClCompile Include="src\Core\Asset\stb_image.cpp">
      <Filter>源文件</Filter>
    </ClCompile>
    <ClCompile Include="src\Core\Math\Math.cpp">
      <Filter>源文件</Filter>
    </ClCompile>
    <ClCompile Include="src\Scene\CubeScene.cpp">
      <Filter>源文件</Filter>
    </ClCompile>
    <ClCompile Include="src\Scene\Common\Camera3D.cpp">
      <Filter>源文件</Filter>
    </ClCompile>
    <ClCompile Include="src\Core\Event\Interface\EventManagerInterface.cpp">
      <Filter>源文件</Filter>
    </ClCompile>
    <ClCompile Include="src\Core\Event\InputEventManager.cpp">
      <Filter>源文件</Filter>
    </ClCompile>
    <ClCompile Include="src\Core\Event\TickEventManager.cpp">
      <Filter>源文件</Filter>
    </ClCompile>
    <ClCompile Include="src\Scene\Common\CameraController.cpp">
      <Filter>源文件</Filter>
    </ClCompile>
  </ItemGroup>
  <ItemGroup>
    <ClInclude Include="src\Utility\Utility.h">
      <Filter>头文件</Filter>
    </ClInclude>
    <ClInclude Include="src\Application\Application.h">
      <Filter>头文件</Filter>
    </ClInclude>
    <ClInclude Include="src\Core\Blob\Blob.h">
      <Filter>头文件</Filter>
    </ClInclude>
    <ClInclude Include="src\Core\Log\Log.h">
      <Filter>头文件</Filter>
    </ClInclude>
    <ClInclude Include="src\Core\Math\Matrix.h">
      <Filter>头文件</Filter>
    </ClInclude>
    <ClInclude Include="src\Core\Math\Vector.h">
      <Filter>头文件</Filter>
    </ClInclude>
    <ClInclude Include="src\Core\ThreadPool\ThreadPool.h">
      <Filter>头文件</Filter>
    </ClInclude>
    <ClInclude Include="src\RHI\IndexBuffer.h">
      <Filter>头文件</Filter>
    </ClInclude>
    <ClInclude Include="src\RHI\Shader.h">
      <Filter>头文件</Filter>
    </ClInclude>
    <ClInclude Include="src\RHI\Texture.h">
      <Filter>头文件</Filter>
    </ClInclude>
    <ClInclude Include="src\RHI\VertexArray.h">
      <Filter>头文件</Filter>
    </ClInclude>
    <ClInclude Include="src\RHI\VertexBuffer.h">
      <Filter>头文件</Filter>
    </ClInclude>
    <ClInclude Include="src\GUI\Imgui\imconfig.h">
      <Filter>头文件</Filter>
    </ClInclude>
    <ClInclude Include="src\GUI\Imgui\ImCurveEdit.h">
      <Filter>头文件</Filter>
    </ClInclude>
    <ClInclude Include="src\GUI\Imgui\ImGradient.h">
      <Filter>头文件</Filter>
    </ClInclude>
    <ClInclude Include="src\GUI\Imgui\imgui.h">
      <Filter>头文件</Filter>
    </ClInclude>
    <ClInclude Include="src\GUI\Imgui\imgui_impl_glfw.h">
      <Filter>头文件</Filter>
    </ClInclude>
    <ClInclude Include="src\GUI\Imgui\imgui_impl_opengl3.h">
      <Filter>头文件</Filter>
    </ClInclude>
    <ClInclude Include="src\GUI\Imgui\imgui_impl_opengl3_loader.h">
      <Filter>头文件</Filter>
    </ClInclude>
    <ClInclude Include="src\GUI\Imgui\imgui_internal.h">
      <Filter>头文件</Filter>
    </ClInclude>
    <ClInclude Include="src\GUI\Imgui\ImGuizmo.h">
      <Filter>头文件</Filter>
    </ClInclude>
    <ClInclude Include="src\GUI\Imgui\ImSequencer.h">
      <Filter>头文件</Filter>
    </ClInclude>
    <ClInclude Include="src\GUI\Imgui\imstb_rectpack.h">
      <Filter>头文件</Filter>
    </ClInclude>
    <ClInclude Include="src\GUI\Imgui\imstb_textedit.h">
      <Filter>头文件</Filter>
    </ClInclude>
    <ClInclude Include="src\GUI\Imgui\imstb_truetype.h">
      <Filter>头文件</Filter>
    </ClInclude>
    <ClInclude Include="src\GUI\GUIRender.h">
      <Filter>头文件</Filter>
    </ClInclude>
    <ClInclude Include="src\Scene\Interface\SceneInterface.h">
      <Filter>头文件</Filter>
    </ClInclude>
    <ClInclude Include="src\Core\Timer\FrameTimer.h">
      <Filter>头文件</Filter>
    </ClInclude>
    <ClInclude Include="src\Core\Reflection\Reflection.h">
      <Filter>头文件</Filter>
    </ClInclude>
    <ClInclude Include="src\Scene\SceneManager.h">
      <Filter>头文件</Filter>
    </ClInclude>
    <ClInclude Include="src\RHI\VertexBufferLayout.h">
      <Filter>头文件</Filter>
    </ClInclude>
    <ClInclude Include="src\Scene\Common\Vertex.h">
      <Filter>头文件</Filter>
    </ClInclude>
    <ClInclude Include="src\Core\Asset\AssetLoader.h">
      <Filter>头文件</Filter>
    </ClInclude>
    <ClInclude Include="src\Core\Asset\stb_image.h">
      <Filter>头文件</Filter>
    </ClInclude>
    <ClInclude Include="src\Core\Math\Math.h">
      <Filter>头文件</Filter>
    </ClInclude>
    <ClInclude Include="src\Scene\CubeScene.h">
      <Filter>头文件</Filter>
    </ClInclude>
    <ClInclude Include="src\Scene\Common\Camera3D.h">
      <Filter>头文件</Filter>
    </ClInclude>
    <ClInclude Include="src\Core\Event\Interface\EventManagerInterface.h">
      <Filter>头文件</Filter>
    </ClInclude>
    <ClInclude Include="src\Core\Event\InputEventManager.h">
      <Filter>头文件</Filter>
    </ClInclude>
    <ClInclude Include="src\Core\Event\TickEventManager.h">
      <Filter>头文件</Filter>
    </ClInclude>
    <ClInclude Include="src\Scene\Common\CameraController.h">
      <Filter>头文件</Filter>
    </ClInclude>
    <ClInclude Include="src\Scene\Common\Transform.h">
      <Filter>头文件</Filter>
    </ClInclude>
  </ItemGroup>
</Project>