<?xml version="1.0" encoding="utf-8"?>
<Project ToolsVersion="4.0" xmlns="http://schemas.microsoft.com/developer/msbuild/2003">
  <ItemGroup>
    <Filter Include="源文件">
      <UniqueIdentifier>{4FC737F1-C7A5-4376-A066-2A32D752A2FF}</UniqueIdentifier>
      <Extensions>cpp;c;cc;cxx;def;odl;idl;hpj;bat;asm;asmx</Extensions>
    </Filter>
    <Filter Include="头文件">
      <UniqueIdentifier>{93995380-89BD-4b04-88EB-625FBE52EBFB}</UniqueIdentifier>
      <Extensions>h;hh;hpp;hxx;hm;inl;inc;ipp;xsd</Extensions>
    </Filter>
    <Filter Include="资源文件">
      <UniqueIdentifier>{67DA6AB6-F800-4c08-8B7A-83BB121AAD01}</UniqueIdentifier>
      <Extensions>rc;ico;cur;bmp;dlg;rc2;rct;bin;rgs;gif;jpg;jpeg;jpe;resx;tiff;tif;png;wav;mfcribbon-ms</Extensions>
    </Filter>
  </ItemGroup>
  <ItemGroup>
    <None Include="..\README.md" />
    <None Include="assets\model\cube.bin">
      <Filter>资源文件</Filter>
    </None>
    <None Include="src\Editor\Imgui\LICENSE" />
    <None Include="src\Editor\Imgui\README.md" />
    <None Include="assets\shaders\test\test2.rdr" />
    <None Include="assets\shaders\postprocess\postprocess.rdr" />
    <None Include="assets\shaders\skybox\skybox.rdr" />
    <None Include="assets\shaders\visual3d\visual3d.rdr" />
    <None Include="assets\shaders\model\model.rdr" />
    <None Include="assets\shaders\pbr\pbr.rdr" />
  </ItemGroup>
  <ItemGroup>
    <ClCompile Include="src\main.cpp">
      <Filter>源文件</Filter>
    </ClCompile>
    <ClCompile Include="src\Engine\Blob.cpp">
      <Filter>源文件</Filter>
    </ClCompile>
    <ClCompile Include="src\Engine\ThreadPool.cpp">
      <Filter>源文件</Filter>
    </ClCompile>
    <ClCompile Include="src\Engine\Engine.cpp">
      <Filter>源文件</Filter>
    </ClCompile>
    <ClCompile Include="src\Graphics\GraphicsSystem.cpp">
      <Filter>源文件</Filter>
    </ClCompile>
    <ClCompile Include="src\Engine\Log.cpp">
      <Filter>源文件</Filter>
    </ClCompile>
    <ClCompile Include="src\Common\UnitTest.cpp">
      <Filter>源文件</Filter>
    </ClCompile>
    <ClCompile Include="src\Graphics\RHI\Texture\stb_image.cpp">
      <Filter>源文件</Filter>
    </ClCompile>
    <ClCompile Include="src\Graphics\RHI\Texture\Texture.cpp">
      <Filter>源文件</Filter>
    </ClCompile>
    <ClCompile Include="src\Graphics\RHI\Mesh\Mesh.cpp">
      <Filter>源文件</Filter>
    </ClCompile>
    <ClCompile Include="src\Engine\RenderView.cpp">
      <Filter>源文件</Filter>
    </ClCompile>
    <ClCompile Include="src\Engine\Detail\glad.c">
      <Filter>源文件</Filter>
    </ClCompile>
    <ClCompile Include="src\Editor\Imgui\ImCurveEdit.cpp">
      <Filter>源文件</Filter>
    </ClCompile>
    <ClCompile Include="src\Editor\Imgui\ImGradient.cpp">
      <Filter>源文件</Filter>
    </ClCompile>
    <ClCompile Include="src\Editor\Imgui\imgui.cpp">
      <Filter>源文件</Filter>
    </ClCompile>
    <ClCompile Include="src\Editor\Imgui\imgui_demo.cpp">
      <Filter>源文件</Filter>
    </ClCompile>
    <ClCompile Include="src\Editor\Imgui\imgui_draw.cpp">
      <Filter>源文件</Filter>
    </ClCompile>
    <ClCompile Include="src\Editor\Imgui\imgui_impl_glfw.cpp">
      <Filter>源文件</Filter>
    </ClCompile>
    <ClCompile Include="src\Editor\Imgui\imgui_impl_opengl3.cpp">
      <Filter>源文件</Filter>
    </ClCompile>
    <ClCompile Include="src\Editor\Imgui\imgui_tables.cpp">
      <Filter>源文件</Filter>
    </ClCompile>
    <ClCompile Include="src\Editor\Imgui\imgui_widgets.cpp">
      <Filter>源文件</Filter>
    </ClCompile>
    <ClCompile Include="src\Editor\Imgui\ImGuizmo.cpp">
      <Filter>源文件</Filter>
    </ClCompile>
    <ClCompile Include="src\Editor\Imgui\ImSequencer.cpp">
      <Filter>源文件</Filter>
    </ClCompile>
    <ClCompile Include="src\Editor\UiRender.cpp">
      <Filter>源文件</Filter>
    </ClCompile>
    <ClCompile Include="src\Engine\Timer.cpp">
      <Filter>源文件</Filter>
    </ClCompile>
    <ClCompile Include="src\Scene\Scene.cpp">
      <Filter>源文件</Filter>
    </ClCompile>
    <ClCompile Include="src\Scene\ECS\Entity.cpp">
      <Filter>源文件</Filter>
    </ClCompile>
    <ClCompile Include="src\Scene\SceneManager.cpp">
      <Filter>源文件</Filter>
    </ClCompile>
    <ClCompile Include="src\Scene\CameraController.cpp">
      <Filter>源文件</Filter>
    </ClCompile>
    <ClCompile Include="src\Editor\ViewPortPanel.cpp">
      <Filter>源文件</Filter>
    </ClCompile>
    <ClCompile Include="src\Editor\StatePanel.cpp">
      <Filter>源文件</Filter>
    </ClCompile>
    <ClCompile Include="src\Editor\ScenePanel.cpp">
      <Filter>源文件</Filter>
    </ClCompile>
    <ClCompile Include="src\Editor\AssetPanel.cpp">
      <Filter>源文件</Filter>
    </ClCompile>
    <ClCompile Include="src\Graphics\RHI\Mesh\VertexDefine.cpp">
      <Filter>源文件</Filter>
    </ClCompile>
    <ClCompile Include="src\Graphics\RHI\FrameBuffer\FrameBuffer.cpp">
      <Filter>源文件</Filter>
    </ClCompile>
    <ClCompile Include="src\Graphics\RenderSystem.cpp">
      <Filter>源文件</Filter>
    </ClCompile>
    <ClCompile Include="src\Pick\PickSystem.cpp">
      <Filter>源文件</Filter>
    </ClCompile>
    <ClCompile Include="src\Engine\BlobLoader.cpp">
      <Filter>源文件</Filter>
    </ClCompile>
    <ClCompile Include="src\Engine\BlobHolder.cpp">
      <Filter>源文件</Filter>
    </ClCompile>
    <ClCompile Include="src\Engine\BlobLoaderManager.cpp">
      <Filter>源文件</Filter>
    </ClCompile>
    <ClCompile Include="src\Graphics\RHI\Renderer\RendererBlobLoader.cpp">
      <Filter>源文件</Filter>
    </ClCompile>
    <ClCompile Include="src\Graphics\RHI\Renderer\RendererBlobHolder.cpp">
      <Filter>源文件</Filter>
    </ClCompile>
    <ClCompile Include="src\Engine\NativeFileSystem.cpp">
      <Filter>源文件</Filter>
    </ClCompile>
    <ClCompile Include="src\Graphics\RHI\Renderer\Renderer.cpp">
      <Filter>源文件</Filter>
    </ClCompile>
    <ClCompile Include="src\Graphics\RHI\Texture\TextureBlobHolder.cpp">
      <Filter>源文件</Filter>
    </ClCompile>
    <ClCompile Include="src\Graphics\RHI\Texture\TextureBlobLoader.cpp">
      <Filter>源文件</Filter>
    </ClCompile>
    <ClCompile Include="src\Engine\AssetLoader.cpp">
      <Filter>源文件</Filter>
    </ClCompile>
    <ClCompile Include="src\Engine\EventSystem.cpp">
      <Filter>源文件</Filter>
    </ClCompile>
    <ClCompile Include="src\Scene\Model\ModelBlobLoader.cpp">
      <Filter>源文件</Filter>
    </ClCompile>
    <ClCompile Include="src\Scene\Model\ModelBlobHolder.cpp">
      <Filter>源文件</Filter>
    </ClCompile>
    <ClCompile Include="src\Graphics\RHI\Mesh\MeshBlobHolder.cpp">
      <Filter>源文件</Filter>
    </ClCompile>
    <ClCompile Include="src\Graphics\RHI\Mesh\MeshBlobLoader.cpp">
      <Filter>源文件</Filter>
    </ClCompile>
    <ClCompile Include="src\Scene\ECS\PostProcessComponent.cpp">
      <Filter>源文件</Filter>
    </ClCompile>
    <ClCompile Include="src\Scene\ECS\SkyBoxComponent.cpp">
      <Filter>源文件</Filter>
    </ClCompile>
    <ClCompile Include="src\Scene\ECS\Visual3DComponent.cpp">
      <Filter>源文件</Filter>
    </ClCompile>
    <ClCompile Include="src\Scene\Model\Model.cpp">
      <Filter>源文件</Filter>
    </ClCompile>
    <ClCompile Include="src\Scene\ECS\ModelComponent.cpp">
      <Filter>源文件</Filter>
    </ClCompile>
    <ClCompile Include="src\Scene\ECS\PBRMaterialComponent.cpp">
      <Filter>源文件</Filter>
    </ClCompile>
  </ItemGroup>
  <ItemGroup>
    <ClInclude Include="src\Engine\Blob.h">
      <Filter>头文件</Filter>
    </ClInclude>
    <ClInclude Include="src\Engine\ThreadPool.h">
      <Filter>头文件</Filter>
    </ClInclude>
    <ClInclude Include="src\Engine\Engine.h">
      <Filter>头文件</Filter>
    </ClInclude>
    <ClInclude Include="src\Graphics\GraphicsSystem.h">
      <Filter>头文件</Filter>
    </ClInclude>
    <ClInclude Include="src\Common\Macro.h">
      <Filter>头文件</Filter>
    </ClInclude>
    <ClInclude Include="src\Engine\Log.h">
      <Filter>头文件</Filter>
    </ClInclude>
    <ClInclude Include="src\Common\UnitTest.h">
      <Filter>头文件</Filter>
    </ClInclude>
    <ClInclude Include="src\Graphics\RHI\Texture\stb_image.h">
      <Filter>头文件</Filter>
    </ClInclude>
    <ClInclude Include="src\Graphics\RHI\Texture\Texture.h">
      <Filter>头文件</Filter>
    </ClInclude>
    <ClInclude Include="src\Graphics\RHI\Mesh\VertexDefine.h">
      <Filter>头文件</Filter>
    </ClInclude>
    <ClInclude Include="src\Graphics\RHI\Mesh\Mesh.h">
      <Filter>头文件</Filter>
    </ClInclude>
    <ClInclude Include="src\Engine\RenderView.h">
      <Filter>头文件</Filter>
    </ClInclude>
    <ClInclude Include="src\Editor\Imgui\imconfig.h">
      <Filter>头文件</Filter>
    </ClInclude>
    <ClInclude Include="src\Editor\Imgui\ImCurveEdit.h">
      <Filter>头文件</Filter>
    </ClInclude>
    <ClInclude Include="src\Editor\Imgui\ImGradient.h">
      <Filter>头文件</Filter>
    </ClInclude>
    <ClInclude Include="src\Editor\Imgui\imgui.h">
      <Filter>头文件</Filter>
    </ClInclude>
    <ClInclude Include="src\Editor\Imgui\imgui_impl_glfw.h">
      <Filter>头文件</Filter>
    </ClInclude>
    <ClInclude Include="src\Editor\Imgui\imgui_impl_opengl3.h">
      <Filter>头文件</Filter>
    </ClInclude>
    <ClInclude Include="src\Editor\Imgui\imgui_impl_opengl3_loader.h">
      <Filter>头文件</Filter>
    </ClInclude>
    <ClInclude Include="src\Editor\Imgui\imgui_internal.h">
      <Filter>头文件</Filter>
    </ClInclude>
    <ClInclude Include="src\Editor\Imgui\ImGuizmo.h">
      <Filter>头文件</Filter>
    </ClInclude>
    <ClInclude Include="src\Editor\Imgui\ImSequencer.h">
      <Filter>头文件</Filter>
    </ClInclude>
    <ClInclude Include="src\Editor\Imgui\imstb_rectpack.h">
      <Filter>头文件</Filter>
    </ClInclude>
    <ClInclude Include="src\Editor\Imgui\imstb_textedit.h">
      <Filter>头文件</Filter>
    </ClInclude>
    <ClInclude Include="src\Editor\Imgui\imstb_truetype.h">
      <Filter>头文件</Filter>
    </ClInclude>
    <ClInclude Include="src\Editor\UiRender.h">
      <Filter>头文件</Filter>
    </ClInclude>
    <ClInclude Include="src\Engine\Timer.h">
      <Filter>头文件</Filter>
    </ClInclude>
    <ClInclude Include="src\Scene\Scene.h">
      <Filter>头文件</Filter>
    </ClInclude>
    <ClInclude Include="src\Scene\SceneManager.h">
      <Filter>头文件</Filter>
    </ClInclude>
    <ClInclude Include="src\Scene\ECS\Entity.h">
      <Filter>头文件</Filter>
    </ClInclude>
    <ClInclude Include="src\Scene\ECS\TransformComponent.h">
      <Filter>头文件</Filter>
    </ClInclude>
    <ClInclude Include="src\Scene\ECS\CameraComponent.h">
      <Filter>头文件</Filter>
    </ClInclude>
    <ClInclude Include="src\Scene\CameraController.h">
      <Filter>头文件</Filter>
    </ClInclude>
    <ClInclude Include="src\Editor\ViewPortPanel.h">
      <Filter>头文件</Filter>
    </ClInclude>
    <ClInclude Include="src\Editor\StatePanel.h">
      <Filter>头文件</Filter>
    </ClInclude>
    <ClInclude Include="src\Editor\ScenePanel.h">
      <Filter>头文件</Filter>
    </ClInclude>
    <ClInclude Include="src\Editor\AssetPanel.h">
      <Filter>头文件</Filter>
    </ClInclude>
    <ClInclude Include="src\Graphics\RHI\FrameBuffer\FrameBuffer.h">
      <Filter>头文件</Filter>
    </ClInclude>
    <ClInclude Include="src\Graphics\RenderSystem.h">
      <Filter>头文件</Filter>
    </ClInclude>
    <ClInclude Include="src\Scene\ECS\NameComponent.h">
      <Filter>头文件</Filter>
    </ClInclude>
    <ClInclude Include="src\Graphics\RHI\FrameBuffer\FrameBufferDefine.h">
      <Filter>头文件</Filter>
    </ClInclude>
    <ClInclude Include="src\Pick\PickSystem.h">
      <Filter>头文件</Filter>
    </ClInclude>
    <ClInclude Include="src\Engine\BlobLoader.h">
      <Filter>头文件</Filter>
    </ClInclude>
    <ClInclude Include="src\Engine\BlobHolder.h">
      <Filter>头文件</Filter>
    </ClInclude>
    <ClInclude Include="src\Engine\BlobLoaderManager.h">
      <Filter>头文件</Filter>
    </ClInclude>
    <ClInclude Include="src\Graphics\RHI\Renderer\RendererBlobLoader.h">
      <Filter>头文件</Filter>
    </ClInclude>
    <ClInclude Include="src\Graphics\RHI\Renderer\RendererBlobHolder.h">
      <Filter>头文件</Filter>
    </ClInclude>
    <ClInclude Include="src\Engine\NativeFileSystem.h">
      <Filter>头文件</Filter>
    </ClInclude>
    <ClInclude Include="src\Graphics\RHI\Renderer\Renderer.h">
      <Filter>头文件</Filter>
    </ClInclude>
    <ClInclude Include="src\Engine\Asset.h">
      <Filter>头文件</Filter>
    </ClInclude>
    <ClInclude Include="src\Graphics\RHI\RHIAsset.h">
      <Filter>头文件</Filter>
    </ClInclude>
    <ClInclude Include="src\Graphics\RHI\Texture\TextureBlobHolder.h">
      <Filter>头文件</Filter>
    </ClInclude>
    <ClInclude Include="src\Graphics\RHI\Texture\TextureBlobLoader.h">
      <Filter>头文件</Filter>
    </ClInclude>
    <ClInclude Include="src\Engine\AssetLoader.h">
      <Filter>头文件</Filter>
    </ClInclude>
    <ClInclude Include="src\Engine\EventDefine.h">
      <Filter>头文件</Filter>
    </ClInclude>
    <ClInclude Include="src\Engine\EventSystem.h">
      <Filter>头文件</Filter>
    </ClInclude>
    <ClInclude Include="src\Scene\Model\ModelBlobLoader.h">
      <Filter>头文件</Filter>
    </ClInclude>
    <ClInclude Include="src\Scene\Model\ModelBlobHolder.h">
      <Filter>头文件</Filter>
    </ClInclude>
    <ClInclude Include="src\Graphics\RHI\Mesh\MeshBlobHolder.h">
      <Filter>头文件</Filter>
    </ClInclude>
    <ClInclude Include="src\Graphics\RHI\Mesh\MeshBlobLoader.h">
      <Filter>头文件</Filter>
    </ClInclude>
    <ClInclude Include="src\Scene\ECS\PostProcessComponent.h">
      <Filter>头文件</Filter>
    </ClInclude>
    <ClInclude Include="src\Scene\ECS\SkyBoxComponent.h">
      <Filter>头文件</Filter>
    </ClInclude>
    <ClInclude Include="src\Scene\ECS\Visual3DComponent.h">
      <Filter>头文件</Filter>
    </ClInclude>
    <ClInclude Include="src\Scene\Model\Model.h">
      <Filter>头文件</Filter>
    </ClInclude>
    <ClInclude Include="src\Scene\ECS\ModelComponent.h">
      <Filter>头文件</Filter>
    </ClInclude>
    <ClInclude Include="src\Scene\ECS\PBRMaterialComponent.h">
      <Filter>头文件</Filter>
    </ClInclude>
    <ClInclude Include="src\Scene\ECS\PointLightComponent.h">
      <Filter>头文件</Filter>
    </ClInclude>
  </ItemGroup>
  <ItemGroup>
    <Text Include="assets\TestWindowsFileAsset.txt" />
  </ItemGroup>
</Project>